
Microsoft Visual Studio Solution File, Format Version 12.00
# Visual Studio 2012
Project("{FAE04EC0-301F-11D3-BF4B-00C04F79EFBC}") = "WindowsFormsApplication1", "WindowsFormsApplication1\WindowsFormsApplication1.csproj", "{73FA9BD5-EFBB-4B71-892F-46C96C351116}"
EndProject
Global
	GlobalSection(SolutionConfigurationPlatforms) = preSolution
		Debug|Any CPU = Debug|Any CPU
		Release|Any CPU = Release|Any CPU
	EndGlobalSection
	GlobalSection(ProjectConfigurationPlatforms) = postSolution
		{73FA9BD5-EFBB-4B71-892F-46C96C351116}.Debug|Any CPU.ActiveCfg = Debug|Any CPU
		{73FA9BD5-EFBB-4B71-892F-46C96C351116}.Debug|Any CPU.Build.0 = Debug|Any CPU
		{73FA9BD5-EFBB-4B71-892F-46C96C351116}.Release|Any CPU.ActiveCfg = Release|Any CPU
		{73FA9BD5-EFBB-4B71-892F-46C96C351116}.Release|Any CPU.Build.0 = Release|Any CPU
	EndGlobalSection
	GlobalSection(SolutionProperties) = preSolution
		HideSolutionNode = FALSE
	EndGlobalSection
EndGlobal
